
Microsoft Visual Studio Solution File, Format Version 12.00
# Visual Studio Version 16
VisualStudioVersion = 16.0.31321.278
MinimumVisualStudioVersion = 10.0.40219.1
Project("{FAE04EC0-301F-11D3-BF4B-00C04F79EFBC}") = "TestAdapter", "TestAdapter\TestAdapter.csproj", "{7EE1EBC2-0DA8-49FE-B681-6832C62F020B}"
EndProject
Global
	GlobalSection(SolutionConfigurationPlatforms) = preSolution
		Debug|Any CPU = Debug|Any CPU
		Release|Any CPU = Release|Any CPU
	EndGlobalSection
	GlobalSection(ProjectConfigurationPlatforms) = postSolution
		{7EE1EBC2-0DA8-49FE-B681-6832C62F020B}.Debug|Any CPU.ActiveCfg = Debug|Any CPU
		{7EE1EBC2-0DA8-49FE-B681-6832C62F020B}.Debug|Any CPU.Build.0 = Debug|Any CPU
		{7EE1EBC2-0DA8-49FE-B681-6832C62F020B}.Release|Any CPU.ActiveCfg = Release|Any CPU
		{7EE1EBC2-0DA8-49FE-B681-6832C62F020B}.Release|Any CPU.Build.0 = Release|Any CPU
	EndGlobalSection
	GlobalSection(SolutionProperties) = preSolution
		HideSolutionNode = FALSE
	EndGlobalSection
	GlobalSection(ExtensibilityGlobals) = postSolution
		SolutionGuid = {09C00532-C9DE-45C1-9D81-C307A975C103}
	EndGlobalSection
EndGlobal
